
Microsoft Visual Studio Solution File, Format Version 12.00
# Visual Studio Version 17
VisualStudioVersion = 17.5.33530.505
MinimumVisualStudioVersion = 10.0.40219.1
Project("{54A90642-561A-4BB1-A94E-469ADEE60C69}") = "reactapp", "reactapp\reactapp.esproj", "{F5188958-6006-45F7-BD6F-0D7F608A0532}"
EndProject
Project("{9A19103F-16F7-4668-BE54-9A1E7A4F7556}") = "webapi", "webapi\webapi.csproj", "{3B935EBA-81D0-4E90-BA13-2060BAA18E23}"
EndProject
Global
	GlobalSection(SolutionConfigurationPlatforms) = preSolution
		Debug|Any CPU = Debug|Any CPU
		Release|Any CPU = Release|Any CPU
	EndGlobalSection
	GlobalSection(ProjectConfigurationPlatforms) = postSolution
		{F5188958-6006-45F7-BD6F-0D7F608A0532}.Debug|Any CPU.ActiveCfg = Debug|Any CPU
		{F5188958-6006-45F7-BD6F-0D7F608A0532}.Debug|Any CPU.Build.0 = Debug|Any CPU
		{F5188958-6006-45F7-BD6F-0D7F608A0532}.Debug|Any CPU.Deploy.0 = Debug|Any CPU
		{F5188958-6006-45F7-BD6F-0D7F608A0532}.Release|Any CPU.ActiveCfg = Release|Any CPU
		{F5188958-6006-45F7-BD6F-0D7F608A0532}.Release|Any CPU.Build.0 = Release|Any CPU
		{F5188958-6006-45F7-BD6F-0D7F608A0532}.Release|Any CPU.Deploy.0 = Release|Any CPU
		{3B935EBA-81D0-4E90-BA13-2060BAA18E23}.Debug|Any CPU.ActiveCfg = Debug|Any CPU
		{3B935EBA-81D0-4E90-BA13-2060BAA18E23}.Debug|Any CPU.Build.0 = Debug|Any CPU
		{3B935EBA-81D0-4E90-BA13-2060BAA18E23}.Release|Any CPU.ActiveCfg = Release|Any CPU
		{3B935EBA-81D0-4E90-BA13-2060BAA18E23}.Release|Any CPU.Build.0 = Release|Any CPU
	EndGlobalSection
	GlobalSection(SolutionProperties) = preSolution
		HideSolutionNode = FALSE
	EndGlobalSection
	GlobalSection(ExtensibilityGlobals) = postSolution
		SolutionGuid = {EA657986-91C4-4535-900D-D54F7F3E63F4}
	EndGlobalSection
EndGlobal
